{
  "pid": 1802030,
  "version": "2.1.281",
  "jsonPath": "/home/tamask/github/KONI/.claude-isolated-config/daemon.json",
  "logPath": "/home/tamask/github/KONI/.claude-isolated-config/daemon.log",
  "startedAt": 1790192653319,
  "origin": "transient",
  "spawnedBy": {
    "label": "claude",
    "cwd": "/home/tamask/github/KONI",
    "pid": 4143093
  },
  "procStart": "202700189",
  "launchTarget": "/home/tamask/.local/share/claude/versions/2.1.281",
  "processWrapper": ""
}